
Microsoft Visual Studio Solution File, Format Version 12.00
# Visual Studio Version 17
VisualStudioVersion = 17.5.002.0
MinimumVisualStudioVersion = 10.0.40219.1
Project("{9A19103F-16F7-4668-BE54-9A1E7A4F7556}") = "FirstProject", "FirstProject.csproj", "{1614FBAC-77B8-4D59-8B5D-39066CEF3B67}"
EndProject
Global
	GlobalSection(SolutionConfigurationPlatforms) = preSolution
		Debug|Any CPU = Debug|Any CPU
		Release|Any CPU = Release|Any CPU
	EndGlobalSection
	GlobalSection(ProjectConfigurationPlatforms) = postSolution
		{1614FBAC-77B8-4D59-8B5D-39066CEF3B67}.Debug|Any CPU.ActiveCfg = Debug|Any CPU
		{1614FBAC-77B8-4D59-8B5D-39066CEF3B67}.Debug|Any CPU.Build.0 = Debug|Any CPU
		{1614FBAC-77B8-4D59-8B5D-39066CEF3B67}.Release|Any CPU.ActiveCfg = Release|Any CPU
		{1614FBAC-77B8-4D59-8B5D-39066CEF3B67}.Release|Any CPU.Build.0 = Release|Any CPU
	EndGlobalSection
	GlobalSection(SolutionProperties) = preSolution
		HideSolutionNode = FALSE
	EndGlobalSection
	GlobalSection(ExtensibilityGlobals) = postSolution
		SolutionGuid = {434E43F5-D63B-4644-94BD-167463CA3705}
	EndGlobalSection
EndGlobal
